{
  "nodes": {
    "mise": {
      "inputs": {
        "nixpkgs": "nixpkgs"
      },
      "locked": {
        "lastModified": 1781749048,
        "narHash": "sha256-qimcKaTriNQvLIRts62PDOuSTA06XRIZEjt5/Fu1UF8=",
        "ref": "refs/heads/master",
        "rev": "a94c0af9dba8be9f26915e701313721af4da59bb",
        "revCount": 5,
        "type": "git",
        "url": "https://github.com/josiah14/mise.git"
      },
      "original": {
        "type": "git",
        "url": "https://github.com/josiah14/mise.git"
      }
    },
    "nixpkgs": {
      "locked": {
        "lastModified": 1781328464,
        "narHash": "sha256-j9uBlHI0eJ9zWU9IlF6SlBBPdeJu30hcvar31IRKHpw=",
        "owner": "NixOS",
        "repo": "nixpkgs",
        "rev": "5a722a7155bfc9fbe657f28d26b71860d95324bc",
        "type": "github"
      },
      "original": {
        "owner": "NixOS",
        "ref": "nixpkgs-unstable",
        "repo": "nixpkgs",
        "type": "github"
      }
    },
    "root": {
      "inputs": {
        "mise": "mise"
      }
    }
  },
  "root": "root",
  "version": 7
}
