{
  "nodes": {
    "mise": {
      "inputs": {
        "nixpkgs": "nixpkgs"
      },
      "locked": {
        "lastModified": 1782227335,
        "narHash": "sha256-g8Vfe+e3wcDUPuzdo4polg4XyqDSJYf/CHEAuFHnVlA=",
        "ref": "refs/heads/master",
        "rev": "375ac95ad68ef33a23ae1f67af8b9f1c0bc483f1",
        "revCount": 6,
        "type": "git",
        "url": "https://github.com/josiah14/mise.git"
      },
      "original": {
        "type": "git",
        "url": "https://github.com/josiah14/mise.git"
      }
    },
    "nixpkgs": {
      "locked": {
        "lastModified": 1781328464,
        "narHash": "sha256-j9uBlHI0eJ9zWU9IlF6SlBBPdeJu30hcvar31IRKHpw=",
        "owner": "NixOS",
        "repo": "nixpkgs",
        "rev": "5a722a7155bfc9fbe657f28d26b71860d95324bc",
        "type": "github"
      },
      "original": {
        "owner": "NixOS",
        "ref": "nixpkgs-unstable",
        "repo": "nixpkgs",
        "type": "github"
      }
    },
    "root": {
      "inputs": {
        "mise": "mise"
      }
    }
  },
  "root": "root",
  "version": 7
}
